// !$*UTF8*$!
{
	archiveVersion = 1;
	classes = {
	};
	objectVersion = 56;
	objects = {

/* Begin PBXBuildFile section */
		33694EFB2A5E359400303BFD /* AudioPlayer.swift in Sources */ = {isa = PBXBuildFile; fileRef = 33694EFA2A5E359400303BFD /* AudioPlayer.swift */; };
		339BB0D52A5CA31200169641 /* OnboardingView.swift in Sources */ = {isa = PBXBuildFile; fileRef = 339BB0D42A5CA31200169641 /* OnboardingView.swift */; };
		339BB0D72A5CA33C00169641 /* HomeView.swift in Sources */ = {isa = PBXBuildFile; fileRef = 339BB0D62A5CA33C00169641 /* HomeView.swift */; };
		33B9ACB32A5E15BA00426FDB /* CircleGroupView.swift in Sources */ = {isa = PBXBuildFile; fileRef = 33B9ACB22A5E15BA00426FDB /* CircleGroupView.swift */; };
		33DF05672A5C9DA6002A0544 /* RestartApp.swift in Sources */ = {isa = PBXBuildFile; fileRef = 33DF05662A5C9DA6002A0544 /* RestartApp.swift */; };
		33DF05692A5C9DA6002A0544 /* ContentView.swift in Sources */ = {isa = PBXBuildFile; fileRef = 33DF05682A5C9DA6002A0544 /* ContentView.swift */; };
		33DF056B2A5C9DA7002A0544 /* Assets.xcassets in Resources */ = {isa = PBXBuildFile; fileRef = 33DF056A2A5C9DA7002A0544 /* Assets.xcassets */; };
		33DF056E2A5C9DA7002A0544 /* Preview Assets.xcassets in Resources */ = {isa = PBXBuildFile; fileRef = 33DF056D2A5C9DA7002A0544 /* Preview Assets.xcassets */; };
		33DF05782A5C9DA7002A0544 /* RestartTests.swift in Sources */ = {isa = PBXBuildFile; fileRef = 33DF05772A5C9DA7002A0544 /* RestartTests.swift */; };
		33DF05822A5C9DA8002A0544 /* RestartUITests.swift in Sources */ = {isa = PBXBuildFile; fileRef = 33DF05812A5C9DA8002A0544 /* RestartUITests.swift */; };
		33DF05842A5C9DA8002A0544 /* RestartUITestsLaunchTests.swift in Sources */ = {isa = PBXBuildFile; fileRef = 33DF05832A5C9DA8002A0544 /* RestartUITestsLaunchTests.swift */; };
		33DF05922A5C9E94002A0544 /* success.m4a in Resources */ = {isa = PBXBuildFile; fileRef = 33DF05902A5C9E94002A0544 /* success.m4a */; };
		33DF05932A5C9E94002A0544 /* chimeup.mp3 in Resources */ = {isa = PBXBuildFile; fileRef = 33DF05912A5C9E94002A0544 /* chimeup.mp3 */; };
/* End PBXBuildFile section */

/* Begin PBXContainerItemProxy section */
		33DF05742A5C9DA7002A0544 /* PBXContainerItemProxy */ = {
			isa = PBXContainerItemProxy;
			containerPortal = 33DF055B2A5C9DA6002A0544 /* Project object */;
			proxyType = 1;
			remoteGlobalIDString = 33DF05622A5C9DA6002A0544;
			remoteInfo = Restart;
		};
		33DF057E2A5C9DA8002A0544 /* PBXContainerItemProxy */ = {
			isa = PBXContainerItemProxy;
			containerPortal = 33DF055B2A5C9DA6002A0544 /* Project object */;
			proxyType = 1;
			remoteGlobalIDString = 33DF05622A5C9DA6002A0544;
			remoteInfo = Restart;
		};
/* End PBXContainerItemProxy section */

/* Begin PBXFileReference section */
		33694EFA2A5E359400303BFD /* AudioPlayer.swift */ = {isa = PBXFileReference; lastKnownFileType = sourcecode.swift; path = AudioPlayer.swift; sourceTree = "<group>"; };
		339BB0D32A5CA26000169641 /* Info.plist */ = {isa = PBXFileReference; lastKnownFileType = text.plist; path = Info.plist; sourceTree = "<group>"; };
		339BB0D42A5CA31200169641 /* OnboardingView.swift */ = {isa = PBXFileReference; lastKnownFileType = sourcecode.swift; path = OnboardingView.swift; sourceTree = "<group>"; };
		339BB0D62A5CA33C00169641 /* HomeView.swift */ = {isa = PBXFileReference; lastKnownFileType = sourcecode.swift; path = HomeView.swift; sourceTree = "<group>"; };
		33B9ACB22A5E15BA00426FDB /* CircleGroupView.swift */ = {isa = PBXFileReference; lastKnownFileType = sourcecode.swift; path = CircleGroupView.swift; sourceTree = "<group>"; };
		33DF05632A5C9DA6002A0544 /* Restart.app */ = {isa = PBXFileReference; explicitFileType = wrapper.application; includeInIndex = 0; path = Restart.app; sourceTree = BUILT_PRODUCTS_DIR; };
		33DF05662A5C9DA6002A0544 /* RestartApp.swift */ = {isa = PBXFileReference; lastKnownFileType = sourcecode.swift; path = RestartApp.swift; sourceTree = "<group>"; };
		33DF05682A5C9DA6002A0544 /* ContentView.swift */ = {isa = PBXFileReference; lastKnownFileType = sourcecode.swift; path = ContentView.swift; sourceTree = "<group>"; };
		33DF056A2A5C9DA7002A0544 /* Assets.xcassets */ = {isa = PBXFileReference; lastKnownFileType = folder.assetcatalog; path = Assets.xcassets; sourceTree = "<group>"; };
		33DF056D2A5C9DA7002A0544 /* Preview Assets.xcassets */ = {isa = PBXFileReference; lastKnownFileType = folder.assetcatalog; path = "Preview Assets.xcassets"; sourceTree = "<group>"; };
		33DF05732A5C9DA7002A0544 /* RestartTests.xctest */ = {isa = PBXFileReference; explicitFileType = wrapper.cfbundle; includeInIndex = 0; path = RestartTests.xctest; sourceTree = BUILT_PRODUCTS_DIR; };
		33DF05772A5C9DA7002A0544 /* RestartTests.swift */ = {isa = PBXFileReference; lastKnownFileType = sourcecode.swift; path = RestartTests.swift; sourceTree = "<group>"; };
		33DF057D2A5C9DA8002A0544 /* RestartUITests.xctest */ = {isa = PBXFileReference; explicitFileType = wrapper.cfbundle; includeInIndex = 0; path = RestartUITests.xctest; sourceTree = BUILT_PRODUCTS_DIR; };
		33DF05812A5C9DA8002A0544 /* RestartUITests.swift */ = {isa = PBXFileReference; lastKnownFileType = sourcecode.swift; path = RestartUITests.swift; sourceTree = "<group>"; };
		33DF05832A5C9DA8002A0544 /* RestartUITestsLaunchTests.swift */ = {isa = PBXFileReference; lastKnownFileType = sourcecode.swift; path = RestartUITestsLaunchTests.swift; sourceTree = "<group>"; };
		33DF05902A5C9E94002A0544 /* success.m4a */ = {isa = PBXFileReference; lastKnownFileType = file; path = success.m4a; sourceTree = "<group>"; };
		33DF05912A5C9E94002A0544 /* chimeup.mp3 */ = {isa = PBXFileReference; lastKnownFileType = audio.mp3; path = chimeup.mp3; sourceTree = "<group>"; };
/* End PBXFileReference section */

/* Begin PBXFrameworksBuildPhase section */
		33DF05602A5C9DA6002A0544 /* Frameworks */ = {
			isa = PBXFrameworksBuildPhase;
			buildActionMask = 2147483647;
			files = (
			);
			runOnlyForDeploymentPostprocessing = 0;
		};
		33DF05702A5C9DA7002A0544 /* Frameworks */ = {
			isa = PBXFrameworksBuildPhase;
			buildActionMask = 2147483647;
			files = (
			);
			runOnlyForDeploymentPostprocessing = 0;
		};
		33DF057A2A5C9DA8002A0544 /* Frameworks */ = {
			isa = PBXFrameworksBuildPhase;
			buildActionMask = 2147483647;
			files = (
			);
			runOnlyForDeploymentPostprocessing = 0;
		};
/* End PBXFrameworksBuildPhase section */

/* Begin PBXGroup section */
		339BB0D12A5CA0EE00169641 /* Views */ = {
			isa = PBXGroup;
			children = (
				33B9ACB22A5E15BA00426FDB /* CircleGroupView.swift */,
			);
			path = Views;
			sourceTree = "<group>";
		};
		339BB0D22A5CA11E00169641 /* Utilities */ = {
			isa = PBXGroup;
			children = (
				33694EFA2A5E359400303BFD /* AudioPlayer.swift */,
			);
			path = Utilities;
			sourceTree = "<group>";
		};
		33DF055A2A5C9DA6002A0544 = {
			isa = PBXGroup;
			children = (
				33DF05652A5C9DA6002A0544 /* Restart */,
				33DF05762A5C9DA7002A0544 /* RestartTests */,
				33DF05802A5C9DA8002A0544 /* RestartUITests */,
				33DF05642A5C9DA6002A0544 /* Products */,
			);
			sourceTree = "<group>";
		};
		33DF05642A5C9DA6002A0544 /* Products */ = {
			isa = PBXGroup;
			children = (
				33DF05632A5C9DA6002A0544 /* Restart.app */,
				33DF05732A5C9DA7002A0544 /* RestartTests.xctest */,
				33DF057D2A5C9DA8002A0544 /* RestartUITests.xctest */,
			);
			name = Products;
			sourceTree = "<group>";
		};
		33DF05652A5C9DA6002A0544 /* Restart */ = {
			isa = PBXGroup;
			children = (
				339BB0D32A5CA26000169641 /* Info.plist */,
				339BB0D22A5CA11E00169641 /* Utilities */,
				339BB0D12A5CA0EE00169641 /* Views */,
				33DF05942A5C9EB4002A0544 /* Sounds */,
				33DF05662A5C9DA6002A0544 /* RestartApp.swift */,
				33DF05952A5CA06B002A0544 /* Screens */,
				33DF056A2A5C9DA7002A0544 /* Assets.xcassets */,
				33DF056C2A5C9DA7002A0544 /* Preview Content */,
			);
			path = Restart;
			sourceTree = "<group>";
		};
		33DF056C2A5C9DA7002A0544 /* Preview Content */ = {
			isa = PBXGroup;
			children = (
				33DF056D2A5C9DA7002A0544 /* Preview Assets.xcassets */,
			);
			path = "Preview Content";
			sourceTree = "<group>";
		};
		33DF05762A5C9DA7002A0544 /* RestartTests */ = {
			isa = PBXGroup;
			children = (
				33DF05772A5C9DA7002A0544 /* RestartTests.swift */,
			);
			path = RestartTests;
			sourceTree = "<group>";
		};
		33DF05802A5C9DA8002A0544 /* RestartUITests */ = {
			isa = PBXGroup;
			children = (
				33DF05812A5C9DA8002A0544 /* RestartUITests.swift */,
				33DF05832A5C9DA8002A0544 /* RestartUITestsLaunchTests.swift */,
			);
			path = RestartUITests;
			sourceTree = "<group>";
		};
		33DF05942A5C9EB4002A0544 /* Sounds */ = {
			isa = PBXGroup;
			children = (
				33DF05912A5C9E94002A0544 /* chimeup.mp3 */,
				33DF05902A5C9E94002A0544 /* success.m4a */,
			);
			path = Sounds;
			sourceTree = "<group>";
		};
		33DF05952A5CA06B002A0544 /* Screens */ = {
			isa = PBXGroup;
			children = (
				33DF05682A5C9DA6002A0544 /* ContentView.swift */,
				339BB0D42A5CA31200169641 /* OnboardingView.swift */,
				339BB0D62A5CA33C00169641 /* HomeView.swift */,
			);
			path = Screens;
			sourceTree = "<group>";
		};
/* End PBXGroup section */

/* Begin PBXNativeTarget section */
		33DF05622A5C9DA6002A0544 /* Restart */ = {
			isa = PBXNativeTarget;
			buildConfigurationList = 33DF05872A5C9DA8002A0544 /* Build configuration list for PBXNativeTarget "Restart" */;
			buildPhases = (
				33DF055F2A5C9DA6002A0544 /* Sources */,
				33DF05602A5C9DA6002A0544 /* Frameworks */,
				33DF05612A5C9DA6002A0544 /* Resources */,
			);
			buildRules = (
			);
			dependencies = (
			);
			name = Restart;
			productName = Restart;
			productReference = 33DF05632A5C9DA6002A0544 /* Restart.app */;
			productType = "com.apple.product-type.application";
		};
		33DF05722A5C9DA7002A0544 /* RestartTests */ = {
			isa = PBXNativeTarget;
			buildConfigurationList = 33DF058A2A5C9DA8002A0544 /* Build configuration list for PBXNativeTarget "RestartTests" */;
			buildPhases = (
				33DF056F2A5C9DA7002A0544 /* Sources */,
				33DF05702A5C9DA7002A0544 /* Frameworks */,
				33DF05712A5C9DA7002A0544 /* Resources */,
			);
			buildRules = (
			);
			dependencies = (
				33DF05752A5C9DA7002A0544 /* PBXTargetDependency */,
			);
			name = RestartTests;
			productName = RestartTests;
			productReference = 33DF05732A5C9DA7002A0544 /* RestartTests.xctest */;
			productType = "com.apple.product-type.bundle.unit-test";
		};
		33DF057C2A5C9DA8002A0544 /* RestartUITests */ = {
			isa = PBXNativeTarget;
			buildConfigurationList = 33DF058D2A5C9DA8002A0544 /* Build configuration list for PBXNativeTarget "RestartUITests" */;
			buildPhases = (
				33DF05792A5C9DA8002A0544 /* Sources */,
				33DF057A2A5C9DA8002A0544 /* Frameworks */,
				33DF057B2A5C9DA8002A0544 /* Resources */,
			);
			buildRules = (
			);
			dependencies = (
				33DF057F2A5C9DA8002A0544 /* PBXTargetDependency */,
			);
			name = RestartUITests;
			productName = RestartUITests;
			productReference = 33DF057D2A5C9DA8002A0544 /* RestartUITests.xctest */;
			productType = "com.apple.product-type.bundle.ui-testing";
		};
/* End PBXNativeTarget section */

/* Begin PBXProject section */
		33DF055B2A5C9DA6002A0544 /* Project object */ = {
			isa = PBXProject;
			attributes = {
				BuildIndependentTargetsInParallel = 1;
				LastSwiftUpdateCheck = 1420;
				LastUpgradeCheck = 1420;
				TargetAttributes = {
					33DF05622A5C9DA6002A0544 = {
						CreatedOnToolsVersion = 14.2;
					};
					33DF05722A5C9DA7002A0544 = {
						CreatedOnToolsVersion = 14.2;
						TestTargetID = 33DF05622A5C9DA6002A0544;
					};
					33DF057C2A5C9DA8002A0544 = {
						CreatedOnToolsVersion = 14.2;
						TestTargetID = 33DF05622A5C9DA6002A0544;
					};
				};
			};
			buildConfigurationList = 33DF055E2A5C9DA6002A0544 /* Build configuration list for PBXProject "Restart" */;
			compatibilityVersion = "Xcode 14.0";
			developmentRegion = en;
			hasScannedForEncodings = 0;
			knownRegions = (
				en,
				Base,
			);
			mainGroup = 33DF055A2A5C9DA6002A0544;
			productRefGroup = 33DF05642A5C9DA6002A0544 /* Products */;
			projectDirPath = "";
			projectRoot = "";
			targets = (
				33DF05622A5C9DA6002A0544 /* Restart */,
				33DF05722A5C9DA7002A0544 /* RestartTests */,
				33DF057C2A5C9DA8002A0544 /* RestartUITests */,
			);
		};
/* End PBXProject section */

/* Begin PBXResourcesBuildPhase section */
		33DF05612A5C9DA6002A0544 /* Resources */ = {
			isa = PBXResourcesBuildPhase;
			buildActionMask = 2147483647;
			files = (
				33DF05932A5C9E94002A0544 /* chimeup.mp3 in Resources */,
				33DF056E2A5C9DA7002A0544 /* Preview Assets.xcassets in Resources */,
				33DF05922A5C9E94002A0544 /* success.m4a in Resources */,
				33DF056B2A5C9DA7002A0544 /* Assets.xcassets in Resources */,
			);
			runOnlyForDeploymentPostprocessing = 0;
		};
		33DF05712A5C9DA7002A0544 /* Resources */ = {
			isa = PBXResourcesBuildPhase;
			buildActionMask = 2147483647;
			files = (
			);
			runOnlyForDeploymentPostprocessing = 0;
		};
		33DF057B2A5C9DA8002A0544 /* Resources */ = {
			isa = PBXResourcesBuildPhase;
			buildActionMask = 2147483647;
			files = (
			);
			runOnlyForDeploymentPostprocessing = 0;
		};
/* End PBXResourcesBuildPhase section */

/* Begin PBXSourcesBuildPhase section */
		33DF055F2A5C9DA6002A0544 /* Sources */ = {
			isa = PBXSourcesBuildPhase;
			buildActionMask = 2147483647;
			files = (
				33B9ACB32A5E15BA00426FDB /* CircleGroupView.swift in Sources */,
				339BB0D52A5CA31200169641 /* OnboardingView.swift in Sources */,
				339BB0D72A5CA33C00169641 /* HomeView.swift in Sources */,
				33DF05692A5C9DA6002A0544 /* ContentView.swift in Sources */,
				33DF05672A5C9DA6002A0544 /* RestartApp.swift in Sources */,
				33694EFB2A5E359400303BFD /* AudioPlayer.swift in Sources */,
			);
			runOnlyForDeploymentPostprocessing = 0;
		};
		33DF056F2A5C9DA7002A0544 /* Sources */ = {
			isa = PBXSourcesBuildPhase;
			buildActionMask = 2147483647;
			files = (
				33DF05782A5C9DA7002A0544 /* RestartTests.swift in Sources */,
			);
			runOnlyForDeploymentPostprocessing = 0;
		};
		33DF05792A5C9DA8002A0544 /* Sources */ = {
			isa = PBXSourcesBuildPhase;
			buildActionMask = 2147483647;
			files = (
				33DF05842A5C9DA8002A0544 /* RestartUITestsLaunchTests.swift in Sources */,
				33DF05822A5C9DA8002A0544 /* RestartUITests.swift in Sources */,
			);
			runOnlyForDeploymentPostprocessing = 0;
		};
/* End PBXSourcesBuildPhase section */

/* Begin PBXTargetDependency section */
		33DF05752A5C9DA7002A0544 /* PBXTargetDependency */ = {
			isa = PBXTargetDependency;
			target = 33DF05622A5C9DA6002A0544 /* Restart */;
			targetProxy = 33DF05742A5C9DA7002A0544 /* PBXContainerItemProxy */;
		};
		33DF057F2A5C9DA8002A0544 /* PBXTargetDependency */ = {
			isa = PBXTargetDependency;
			target = 33DF05622A5C9DA6002A0544 /* Restart */;
			targetProxy = 33DF057E2A5C9DA8002A0544 /* PBXContainerItemProxy */;
		};
/* End PBXTargetDependency section */

/* Begin XCBuildConfiguration section */
		33DF05852A5C9DA8002A0544 /* Debug */ = {
			isa = XCBuildConfiguration;
			buildSettings = {
				ALWAYS_SEARCH_USER_PATHS = NO;
				CLANG_ANALYZER_NONNULL = YES;
				CLANG_ANALYZER_NUMBER_OBJECT_CONVERSION = YES_AGGRESSIVE;
				CLANG_CXX_LANGUAGE_STANDARD = "gnu++20";
				CLANG_ENABLE_MODULES = YES;
				CLANG_ENABLE_OBJC_ARC = YES;
				CLANG_ENABLE_OBJC_WEAK = YES;
				CLANG_WARN_BLOCK_CAPTURE_AUTORELEASING = YES;
				CLANG_WARN_BOOL_CONVERSION = YES;
				CLANG_WARN_COMMA = YES;
				CLANG_WARN_CONSTANT_CONVERSION = YES;
				CLANG_WARN_DEPRECATED_OBJC_IMPLEMENTATIONS = YES;
				CLANG_WARN_DIRECT_OBJC_ISA_USAGE = YES_ERROR;
				CLANG_WARN_DOCUMENTATION_COMMENTS = YES;
				CLANG_WARN_EMPTY_BODY = YES;
				CLANG_WARN_ENUM_CONVERSION = YES;
				CLANG_WARN_INFINITE_RECURSION = YES;
				CLANG_WARN_INT_CONVERSION = YES;
				CLANG_WARN_NON_LITERAL_NULL_CONVERSION = YES;
				CLANG_WARN_OBJC_IMPLICIT_RETAIN_SELF = YES;
				CLANG_WARN_OBJC_LITERAL_CONVERSION = YES;
				CLANG_WARN_OBJC_ROOT_CLASS = YES_ERROR;
				CLANG_WARN_QUOTED_INCLUDE_IN_FRAMEWORK_HEADER = YES;
				CLANG_WARN_RANGE_LOOP_ANALYSIS = YES;
				CLANG_WARN_STRICT_PROTOTYPES = YES;
				CLANG_WARN_SUSPICIOUS_MOVE = YES;
				CLANG_WARN_UNGUARDED_AVAILABILITY = YES_AGGRESSIVE;
				CLANG_WARN_UNREACHABLE_CODE = YES;
				CLANG_WARN__DUPLICATE_METHOD_MATCH = YES;
				COPY_PHASE_STRIP = NO;
				DEBUG_INFORMATION_FORMAT = dwarf;
				ENABLE_STRICT_OBJC_MSGSEND = YES;
				ENABLE_TESTABILITY = YES;
				GCC_C_LANGUAGE_STANDARD = gnu11;
				GCC_DYNAMIC_NO_PIC = NO;
				GCC_NO_COMMON_BLOCKS = YES;
				GCC_OPTIMIZATION_LEVEL = 0;
				GCC_PREPROCESSOR_DEFINITIONS = (
					"DEBUG=1",
					"$(inherited)",
				);
				GCC_WARN_64_TO_32_BIT_CONVERSION = YES;
				GCC_WARN_ABOUT_RETURN_TYPE = YES_ERROR;
				GCC_WARN_UNDECLARED_SELECTOR = YES;
				GCC_WARN_UNINITIALIZED_AUTOS = YES_AGGRESSIVE;
				GCC_WARN_UNUSED_FUNCTION = YES;
				GCC_WARN_UNUSED_VARIABLE = YES;
				IPHONEOS_DEPLOYMENT_TARGET = 16.2;
				MTL_ENABLE_DEBUG_INFO = INCLUDE_SOURCE;
				MTL_FAST_MATH = YES;
				ONLY_ACTIVE_ARCH = YES;
				SDKROOT = iphoneos;
				SWIFT_ACTIVE_COMPILATION_CONDITIONS = DEBUG;
				SWIFT_OPTIMIZATION_LEVEL = "-Onone";
			};
			name = Debug;
		};
		33DF05862A5C9DA8002A0544 /* Release */ = {
			isa = XCBuildConfiguration;
			buildSettings = {
				ALWAYS_SEARCH_USER_PATHS = NO;
				CLANG_ANALYZER_NONNULL = YES;
				CLANG_ANALYZER_NUMBER_OBJECT_CONVERSION = YES_AGGRESSIVE;
				CLANG_CXX_LANGUAGE_STANDARD = "gnu++20";
				CLANG_ENABLE_MODULES = YES;
				CLANG_ENABLE_OBJC_ARC = YES;
				CLANG_ENABLE_OBJC_WEAK = YES;
				CLANG_WARN_BLOCK_CAPTURE_AUTORELEASING = YES;
				CLANG_WARN_BOOL_CONVERSION = YES;
				CLANG_WARN_COMMA = YES;
				CLANG_WARN_CONSTANT_CONVERSION = YES;
				CLANG_WARN_DEPRECATED_OBJC_IMPLEMENTATIONS = YES;
				CLANG_WARN_DIRECT_OBJC_ISA_USAGE = YES_ERROR;
				CLANG_WARN_DOCUMENTATION_COMMENTS = YES;
				CLANG_WARN_EMPTY_BODY = YES;
				CLANG_WARN_ENUM_CONVERSION = YES;
				CLANG_WARN_INFINITE_RECURSION = YES;
				CLANG_WARN_INT_CONVERSION = YES;
				CLANG_WARN_NON_LITERAL_NULL_CONVERSION = YES;
				CLANG_WARN_OBJC_IMPLICIT_RETAIN_SELF = YES;
				CLANG_WARN_OBJC_LITERAL_CONVERSION = YES;
				CLANG_WARN_OBJC_ROOT_CLASS = YES_ERROR;
				CLANG_WARN_QUOTED_INCLUDE_IN_FRAMEWORK_HEADER = YES;
				CLANG_WARN_RANGE_LOOP_ANALYSIS = YES;
				CLANG_WARN_STRICT_PROTOTYPES = YES;
				CLANG_WARN_SUSPICIOUS_MOVE = YES;
				CLANG_WARN_UNGUARDED_AVAILABILITY = YES_AGGRESSIVE;
				CLANG_WARN_UNREACHABLE_CODE = YES;
				CLANG_WARN__DUPLICATE_METHOD_MATCH = YES;
				COPY_PHASE_STRIP = NO;
				DEBUG_INFORMATION_FORMAT = "dwarf-with-dsym";
				ENABLE_NS_ASSERTIONS = NO;
				ENABLE_STRICT_OBJC_MSGSEND = YES;
				GCC_C_LANGUAGE_STANDARD = gnu11;
				GCC_NO_COMMON_BLOCKS = YES;
				GCC_WARN_64_TO_32_BIT_CONVERSION = YES;
				GCC_WARN_ABOUT_RETURN_TYPE = YES_ERROR;
				GCC_WARN_UNDECLARED_SELECTOR = YES;
				GCC_WARN_UNINITIALIZED_AUTOS = YES_AGGRESSIVE;
				GCC_WARN_UNUSED_FUNCTION = YES;
				GCC_WARN_UNUSED_VARIABLE = YES;
				IPHONEOS_DEPLOYMENT_TARGET = 16.2;
				MTL_ENABLE_DEBUG_INFO = NO;
				MTL_FAST_MATH = YES;
				SDKROOT = iphoneos;
				SWIFT_COMPILATION_MODE = wholemodule;
				SWIFT_OPTIMIZATION_LEVEL = "-O";
				VALIDATE_PRODUCT = YES;
			};
			name = Release;
		};
		33DF05882A5C9DA8002A0544 /* Debug */ = {
			isa = XCBuildConfiguration;
			buildSettings = {
				ASSETCATALOG_COMPILER_APPICON_NAME = AppIcon;
				ASSETCATALOG_COMPILER_GLOBAL_ACCENT_COLOR_NAME = AccentColor;
				CODE_SIGN_STYLE = Automatic;
				CURRENT_PROJECT_VERSION = 1;
				DEVELOPMENT_ASSET_PATHS = "\"Restart/Preview Content\"";
				ENABLE_PREVIEWS = YES;
				GENERATE_INFOPLIST_FILE = YES;
				INFOPLIST_FILE = Restart/Info.plist;
				INFOPLIST_KEY_UIApplicationSceneManifest_Generation = YES;
				INFOPLIST_KEY_UIApplicationSupportsIndirectInputEvents = YES;
				INFOPLIST_KEY_UISupportedInterfaceOrientations = UIInterfaceOrientationPortrait;
				IPHONEOS_DEPLOYMENT_TARGET = 15.0;
				LD_RUNPATH_SEARCH_PATHS = (
					"$(inherited)",
					"@executable_path/Frameworks",
				);
				MARKETING_VERSION = 1.0;
				PRODUCT_BUNDLE_IDENTIFIER = morais.Restart;
				PRODUCT_NAME = "$(TARGET_NAME)";
				SUPPORTED_PLATFORMS = "iphoneos iphonesimulator";
				SUPPORTS_MACCATALYST = NO;
				SUPPORTS_MAC_DESIGNED_FOR_IPHONE_IPAD = NO;
				SWIFT_EMIT_LOC_STRINGS = YES;
				SWIFT_VERSION = 5.0;
				TARGETED_DEVICE_FAMILY = 1;
			};
			name = Debug;
		};
		33DF05892A5C9DA8002A0544 /* Release */ = {
			isa = XCBuildConfiguration;
			buildSettings = {
				ASSETCATALOG_COMPILER_APPICON_NAME = AppIcon;
				ASSETCATALOG_COMPILER_GLOBAL_ACCENT_COLOR_NAME = AccentColor;
				CODE_SIGN_STYLE = Automatic;
				CURRENT_PROJECT_VERSION = 1;
				DEVELOPMENT_ASSET_PATHS = "\"Restart/Preview Content\"";
				ENABLE_PREVIEWS = YES;
				GENERATE_INFOPLIST_FILE = YES;
				INFOPLIST_FILE = Restart/Info.plist;
				INFOPLIST_KEY_UIApplicationSceneManifest_Generation = YES;
				INFOPLIST_KEY_UIApplicationSupportsIndirectInputEvents = YES;
				INFOPLIST_KEY_UISupportedInterfaceOrientations = UIInterfaceOrientationPortrait;
				IPHONEOS_DEPLOYMENT_TARGET = 15.0;
				LD_RUNPATH_SEARCH_PATHS = (
					"$(inherited)",
					"@executable_path/Frameworks",
				);
				MARKETING_VERSION = 1.0;
				PRODUCT_BUNDLE_IDENTIFIER = morais.Restart;
				PRODUCT_NAME = "$(TARGET_NAME)";
				SUPPORTED_PLATFORMS = "iphoneos iphonesimulator";
				SUPPORTS_MACCATALYST = NO;
				SUPPORTS_MAC_DESIGNED_FOR_IPHONE_IPAD = NO;
				SWIFT_EMIT_LOC_STRINGS = YES;
				SWIFT_VERSION = 5.0;
				TARGETED_DEVICE_FAMILY = 1;
			};
			name = Release;
		};
		33DF058B2A5C9DA8002A0544 /* Debug */ = {
			isa = XCBuildConfiguration;
			buildSettings = {
				ALWAYS_EMBED_SWIFT_STANDARD_LIBRARIES = YES;
				BUNDLE_LOADER = "$(TEST_HOST)";
				CODE_SIGN_STYLE = Automatic;
				CURRENT_PROJECT_VERSION = 1;
				GENERATE_INFOPLIST_FILE = YES;
				IPHONEOS_DEPLOYMENT_TARGET = 16.2;
				MARKETING_VERSION = 1.0;
				PRODUCT_BUNDLE_IDENTIFIER = morais.RestartTests;
				PRODUCT_NAME = "$(TARGET_NAME)";
				SWIFT_EMIT_LOC_STRINGS = NO;
				SWIFT_VERSION = 5.0;
				TARGETED_DEVICE_FAMILY = "1,2";
				TEST_HOST = "$(BUILT_PRODUCTS_DIR)/Restart.app/$(BUNDLE_EXECUTABLE_FOLDER_PATH)/Restart";
			};
			name = Debug;
		};
		33DF058C2A5C9DA8002A0544 /* Release */ = {
			isa = XCBuildConfiguration;
			buildSettings = {
				ALWAYS_EMBED_SWIFT_STANDARD_LIBRARIES = YES;
				BUNDLE_LOADER = "$(TEST_HOST)";
				CODE_SIGN_STYLE = Automatic;
				CURRENT_PROJECT_VERSION = 1;
				GENERATE_INFOPLIST_FILE = YES;
				IPHONEOS_DEPLOYMENT_TARGET = 16.2;
				MARKETING_VERSION = 1.0;
				PRODUCT_BUNDLE_IDENTIFIER = morais.RestartTests;
				PRODUCT_NAME = "$(TARGET_NAME)";
				SWIFT_EMIT_LOC_STRINGS = NO;
				SWIFT_VERSION = 5.0;
				TARGETED_DEVICE_FAMILY = "1,2";
				TEST_HOST = "$(BUILT_PRODUCTS_DIR)/Restart.app/$(BUNDLE_EXECUTABLE_FOLDER_PATH)/Restart";
			};
			name = Release;
		};
		33DF058E2A5C9DA8002A0544 /* Debug */ = {
			isa = XCBuildConfiguration;
			buildSettings = {
				ALWAYS_EMBED_SWIFT_STANDARD_LIBRARIES = YES;
				CODE_SIGN_STYLE = Automatic;
				CURRENT_PROJECT_VERSION = 1;
				GENERATE_INFOPLIST_FILE = YES;
				MARKETING_VERSION = 1.0;
				PRODUCT_BUNDLE_IDENTIFIER = morais.RestartUITests;
				PRODUCT_NAME = "$(TARGET_NAME)";
				SWIFT_EMIT_LOC_STRINGS = NO;
				SWIFT_VERSION = 5.0;
				TARGETED_DEVICE_FAMILY = "1,2";
				TEST_TARGET_NAME = Restart;
			};
			name = Debug;
		};
		33DF058F2A5C9DA8002A0544 /* Release */ = {
			isa = XCBuildConfiguration;
			buildSettings = {
				ALWAYS_EMBED_SWIFT_STANDARD_LIBRARIES = YES;
				CODE_SIGN_STYLE = Automatic;
				CURRENT_PROJECT_VERSION = 1;
				GENERATE_INFOPLIST_FILE = YES;
				MARKETING_VERSION = 1.0;
				PRODUCT_BUNDLE_IDENTIFIER = morais.RestartUITests;
				PRODUCT_NAME = "$(TARGET_NAME)";
				SWIFT_EMIT_LOC_STRINGS = NO;
				SWIFT_VERSION = 5.0;
				TARGETED_DEVICE_FAMILY = "1,2";
				TEST_TARGET_NAME = Restart;
			};
			name = Release;
		};
/* End XCBuildConfiguration section */

/* Begin XCConfigurationList section */
		33DF055E2A5C9DA6002A0544 /* Build configuration list for PBXProject "Restart" */ = {
			isa = XCConfigurationList;
			buildConfigurations = (
				33DF05852A5C9DA8002A0544 /* Debug */,
				33DF05862A5C9DA8002A0544 /* Release */,
			);
			defaultConfigurationIsVisible = 0;
			defaultConfigurationName = Release;
		};
		33DF05872A5C9DA8002A0544 /* Build configuration list for PBXNativeTarget "Restart" */ = {
			isa = XCConfigurationList;
			buildConfigurations = (
				33DF05882A5C9DA8002A0544 /* Debug */,
				33DF05892A5C9DA8002A0544 /* Release */,
			);
			defaultConfigurationIsVisible = 0;
			defaultConfigurationName = Release;
		};
		33DF058A2A5C9DA8002A0544 /* Build configuration list for PBXNativeTarget "RestartTests" */ = {
			isa = XCConfigurationList;
			buildConfigurations = (
				33DF058B2A5C9DA8002A0544 /* Debug */,
				33DF058C2A5C9DA8002A0544 /* Release */,
			);
			defaultConfigurationIsVisible = 0;
			defaultConfigurationName = Release;
		};
		33DF058D2A5C9DA8002A0544 /* Build configuration list for PBXNativeTarget "RestartUITests" */ = {
			isa = XCConfigurationList;
			buildConfigurations = (
				33DF058E2A5C9DA8002A0544 /* Debug */,
				33DF058F2A5C9DA8002A0544 /* Release */,
			);
			defaultConfigurationIsVisible = 0;
			defaultConfigurationName = Release;
		};
/* End XCConfigurationList section */
	};
	rootObject = 33DF055B2A5C9DA6002A0544 /* Project object */;
}
